
Microsoft Visual Studio Solution File, Format Version 12.00
# Visual Studio 15
VisualStudioVersion = 15.0.27130.2026
MinimumVisualStudioVersion = 10.0.40219.1
Project("{2150E333-8FDC-42A3-9474-1A3956D46DE8}") = "01-Common", "01-Common", "{869F1AAC-A3FB-47E1-BD37-C842069199B5}"
EndProject
Project("{2150E333-8FDC-42A3-9474-1A3956D46DE8}") = "ConsoleApp", "ConsoleApp", "{53D266A9-4497-4F3B-B08C-D6E1E91C86EC}"
EndProject
Project("{2150E333-8FDC-42A3-9474-1A3956D46DE8}") = "Mobile", "Mobile", "{4FED1404-7C88-4387-850F-D198F36A5C88}"
EndProject
Project("{2150E333-8FDC-42A3-9474-1A3956D46DE8}") = "WebApp", "WebApp", "{160C45AA-E4F9-424D-85CD-798BC24FCF1D}"
EndProject
Project("{9A19103F-16F7-4668-BE54-9A1E7A4F7556}") = "SM.Common", "SM.Interfaces\SM.Common.csproj", "{1BDDA230-6479-43BA-B252-6744D625FF0C}"
EndProject
Project("{9A19103F-16F7-4668-BE54-9A1E7A4F7556}") = "SM.ConsoleApp", "SM.ConsoleApp\SM.ConsoleApp.csproj", "{A128F331-D1EB-448A-A0CF-AC92536CDD66}"
EndProject
Project("{2150E333-8FDC-42A3-9474-1A3956D46DE8}") = "UnitTests", "UnitTests", "{4827B6D1-D404-4DF3-AFE9-3B08A8D0B761}"
EndProject
Project("{2150E333-8FDC-42A3-9474-1A3956D46DE8}") = "04-Apps", "04-Apps", "{38AFD319-A2CA-4058-85E1-C3284B431B61}"
EndProject
Project("{2150E333-8FDC-42A3-9474-1A3956D46DE8}") = "02-Data", "02-Data", "{BC11522C-7EB5-48AC-90CF-706D63C8F6E2}"
EndProject
Project("{2150E333-8FDC-42A3-9474-1A3956D46DE8}") = "Apps", "Apps", "{1AAF455B-2BD3-4132-909A-262EEB1537B3}"
EndProject
Project("{2150E333-8FDC-42A3-9474-1A3956D46DE8}") = "ConsoleApp", "ConsoleApp", "{7B3B9A04-A6F5-4E9E-9497-091A4B6ADB74}"
EndProject
Project("{9A19103F-16F7-4668-BE54-9A1E7A4F7556}") = "SM.ConsoleApp.Tests", "SM.ConsoleApp.Tests\SM.ConsoleApp.Tests.csproj", "{76F57149-FB11-4E3B-AC32-142811C6C340}"
EndProject
Project("{2150E333-8FDC-42A3-9474-1A3956D46DE8}") = "Implementations", "Implementations", "{895B7D77-21EC-48CE-BA13-21761D6C3EAE}"
EndProject
Project("{9A19103F-16F7-4668-BE54-9A1E7A4F7556}") = "SM.DataService.CSV", "SM.DataService.CVS\SM.DataService.CSV.csproj", "{BCAD53AB-4DDE-4570-824F-3F58EA255C2C}"
EndProject
Project("{2150E333-8FDC-42A3-9474-1A3956D46DE8}") = "03-Presentation", "03-Presentation", "{76A175EC-8272-45AF-82DF-A30444B9B194}"
EndProject
Project("{9A19103F-16F7-4668-BE54-9A1E7A4F7556}") = "SM.ViewModels", "SM.ViewModels\SM.ViewModels.csproj", "{AAADBE69-3DB8-472C-BB3E-878942A6E13C}"
EndProject
Global
	GlobalSection(SolutionConfigurationPlatforms) = preSolution
		Debug|Any CPU = Debug|Any CPU
		Release|Any CPU = Release|Any CPU
	EndGlobalSection
	GlobalSection(ProjectConfigurationPlatforms) = postSolution
		{1BDDA230-6479-43BA-B252-6744D625FF0C}.Debug|Any CPU.ActiveCfg = Debug|Any CPU
		{1BDDA230-6479-43BA-B252-6744D625FF0C}.Debug|Any CPU.Build.0 = Debug|Any CPU
		{1BDDA230-6479-43BA-B252-6744D625FF0C}.Release|Any CPU.ActiveCfg = Release|Any CPU
		{1BDDA230-6479-43BA-B252-6744D625FF0C}.Release|Any CPU.Build.0 = Release|Any CPU
		{A128F331-D1EB-448A-A0CF-AC92536CDD66}.Debug|Any CPU.ActiveCfg = Debug|Any CPU
		{A128F331-D1EB-448A-A0CF-AC92536CDD66}.Debug|Any CPU.Build.0 = Debug|Any CPU
		{A128F331-D1EB-448A-A0CF-AC92536CDD66}.Release|Any CPU.ActiveCfg = Release|Any CPU
		{A128F331-D1EB-448A-A0CF-AC92536CDD66}.Release|Any CPU.Build.0 = Release|Any CPU
		{76F57149-FB11-4E3B-AC32-142811C6C340}.Debug|Any CPU.ActiveCfg = Debug|Any CPU
		{76F57149-FB11-4E3B-AC32-142811C6C340}.Debug|Any CPU.Build.0 = Debug|Any CPU
		{76F57149-FB11-4E3B-AC32-142811C6C340}.Release|Any CPU.ActiveCfg = Release|Any CPU
		{76F57149-FB11-4E3B-AC32-142811C6C340}.Release|Any CPU.Build.0 = Release|Any CPU
		{BCAD53AB-4DDE-4570-824F-3F58EA255C2C}.Debug|Any CPU.ActiveCfg = Debug|Any CPU
		{BCAD53AB-4DDE-4570-824F-3F58EA255C2C}.Debug|Any CPU.Build.0 = Debug|Any CPU
		{BCAD53AB-4DDE-4570-824F-3F58EA255C2C}.Release|Any CPU.ActiveCfg = Release|Any CPU
		{BCAD53AB-4DDE-4570-824F-3F58EA255C2C}.Release|Any CPU.Build.0 = Release|Any CPU
		{AAADBE69-3DB8-472C-BB3E-878942A6E13C}.Debug|Any CPU.ActiveCfg = Debug|Any CPU
		{AAADBE69-3DB8-472C-BB3E-878942A6E13C}.Debug|Any CPU.Build.0 = Debug|Any CPU
		{AAADBE69-3DB8-472C-BB3E-878942A6E13C}.Release|Any CPU.ActiveCfg = Release|Any CPU
		{AAADBE69-3DB8-472C-BB3E-878942A6E13C}.Release|Any CPU.Build.0 = Release|Any CPU
	EndGlobalSection
	GlobalSection(SolutionProperties) = preSolution
		HideSolutionNode = FALSE
	EndGlobalSection
	GlobalSection(NestedProjects) = preSolution
		{53D266A9-4497-4F3B-B08C-D6E1E91C86EC} = {38AFD319-A2CA-4058-85E1-C3284B431B61}
		{4FED1404-7C88-4387-850F-D198F36A5C88} = {38AFD319-A2CA-4058-85E1-C3284B431B61}
		{160C45AA-E4F9-424D-85CD-798BC24FCF1D} = {38AFD319-A2CA-4058-85E1-C3284B431B61}
		{1BDDA230-6479-43BA-B252-6744D625FF0C} = {869F1AAC-A3FB-47E1-BD37-C842069199B5}
		{A128F331-D1EB-448A-A0CF-AC92536CDD66} = {53D266A9-4497-4F3B-B08C-D6E1E91C86EC}
		{1AAF455B-2BD3-4132-909A-262EEB1537B3} = {4827B6D1-D404-4DF3-AFE9-3B08A8D0B761}
		{7B3B9A04-A6F5-4E9E-9497-091A4B6ADB74} = {1AAF455B-2BD3-4132-909A-262EEB1537B3}
		{76F57149-FB11-4E3B-AC32-142811C6C340} = {7B3B9A04-A6F5-4E9E-9497-091A4B6ADB74}
		{895B7D77-21EC-48CE-BA13-21761D6C3EAE} = {BC11522C-7EB5-48AC-90CF-706D63C8F6E2}
		{BCAD53AB-4DDE-4570-824F-3F58EA255C2C} = {895B7D77-21EC-48CE-BA13-21761D6C3EAE}
		{AAADBE69-3DB8-472C-BB3E-878942A6E13C} = {76A175EC-8272-45AF-82DF-A30444B9B194}
	EndGlobalSection
	GlobalSection(ExtensibilityGlobals) = postSolution
		SolutionGuid = {C43FB57A-5BB7-413A-9A73-9A2DF98919BD}
	EndGlobalSection
EndGlobal
