
Microsoft Visual Studio Solution File, Format Version 12.00
# Visual Studio 15
VisualStudioVersion = 15.0.27130.2026
MinimumVisualStudioVersion = 10.0.40219.1
Project("{9A19103F-16F7-4668-BE54-9A1E7A4F7556}") = "SM.Models", "SM.Shared\SM.Models.csproj", "{D3F02D8D-9684-42E8-8BE3-105AB11E8D8D}"
EndProject
Project("{2150E333-8FDC-42A3-9474-1A3956D46DE8}") = "01-Shared", "01-Shared", "{869F1AAC-A3FB-47E1-BD37-C842069199B5}"
EndProject
Project("{2150E333-8FDC-42A3-9474-1A3956D46DE8}") = "ConsoleApp", "ConsoleApp", "{53D266A9-4497-4F3B-B08C-D6E1E91C86EC}"
EndProject
Project("{2150E333-8FDC-42A3-9474-1A3956D46DE8}") = "Mobile", "Mobile", "{4FED1404-7C88-4387-850F-D198F36A5C88}"
EndProject
Project("{2150E333-8FDC-42A3-9474-1A3956D46DE8}") = "WebApp", "WebApp", "{160C45AA-E4F9-424D-85CD-798BC24FCF1D}"
EndProject
Project("{9A19103F-16F7-4668-BE54-9A1E7A4F7556}") = "SM.Interfaces", "SM.Interfaces\SM.Interfaces.csproj", "{1BDDA230-6479-43BA-B252-6744D625FF0C}"
EndProject
Project("{FAE04EC0-301F-11D3-BF4B-00C04F79EFBC}") = "SM.ConsoleApp", "SM.ConsoleApp\SM.ConsoleApp.csproj", "{A128F331-D1EB-448A-A0CF-AC92536CDD66}"
EndProject
Project("{2150E333-8FDC-42A3-9474-1A3956D46DE8}") = "UnitTests", "UnitTests", "{4827B6D1-D404-4DF3-AFE9-3B08A8D0B761}"
EndProject
Project("{2150E333-8FDC-42A3-9474-1A3956D46DE8}") = "03-Apps", "03-Apps", "{38AFD319-A2CA-4058-85E1-C3284B431B61}"
EndProject
Project("{2150E333-8FDC-42A3-9474-1A3956D46DE8}") = "02-Data", "02-Data", "{BC11522C-7EB5-48AC-90CF-706D63C8F6E2}"
EndProject
Project("{2150E333-8FDC-42A3-9474-1A3956D46DE8}") = "Apps", "Apps", "{1AAF455B-2BD3-4132-909A-262EEB1537B3}"
EndProject
Project("{2150E333-8FDC-42A3-9474-1A3956D46DE8}") = "ConsoleApp", "ConsoleApp", "{7B3B9A04-A6F5-4E9E-9497-091A4B6ADB74}"
EndProject
Project("{FAE04EC0-301F-11D3-BF4B-00C04F79EFBC}") = "SM.ConsoleApp.Tests", "SM.ConsoleApp.Tests\SM.ConsoleApp.Tests.csproj", "{76F57149-FB11-4E3B-AC32-142811C6C340}"
EndProject
Project("{2150E333-8FDC-42A3-9474-1A3956D46DE8}") = "Implementations", "Implementations", "{895B7D77-21EC-48CE-BA13-21761D6C3EAE}"
EndProject
Project("{2150E333-8FDC-42A3-9474-1A3956D46DE8}") = "Interfaces", "Interfaces", "{C8BCD86E-C15F-4CC8-B670-7E443BF2AAC7}"
EndProject
Project("{2150E333-8FDC-42A3-9474-1A3956D46DE8}") = "CVS", "CVS", "{F3F48109-F371-466C-A9C6-884651EA5F3A}"
EndProject
Global
	GlobalSection(SolutionConfigurationPlatforms) = preSolution
		Debug|Any CPU = Debug|Any CPU
		Release|Any CPU = Release|Any CPU
	EndGlobalSection
	GlobalSection(ProjectConfigurationPlatforms) = postSolution
		{D3F02D8D-9684-42E8-8BE3-105AB11E8D8D}.Debug|Any CPU.ActiveCfg = Debug|Any CPU
		{D3F02D8D-9684-42E8-8BE3-105AB11E8D8D}.Debug|Any CPU.Build.0 = Debug|Any CPU
		{D3F02D8D-9684-42E8-8BE3-105AB11E8D8D}.Release|Any CPU.ActiveCfg = Release|Any CPU
		{D3F02D8D-9684-42E8-8BE3-105AB11E8D8D}.Release|Any CPU.Build.0 = Release|Any CPU
		{1BDDA230-6479-43BA-B252-6744D625FF0C}.Debug|Any CPU.ActiveCfg = Debug|Any CPU
		{1BDDA230-6479-43BA-B252-6744D625FF0C}.Debug|Any CPU.Build.0 = Debug|Any CPU
		{1BDDA230-6479-43BA-B252-6744D625FF0C}.Release|Any CPU.ActiveCfg = Release|Any CPU
		{1BDDA230-6479-43BA-B252-6744D625FF0C}.Release|Any CPU.Build.0 = Release|Any CPU
		{A128F331-D1EB-448A-A0CF-AC92536CDD66}.Debug|Any CPU.ActiveCfg = Debug|Any CPU
		{A128F331-D1EB-448A-A0CF-AC92536CDD66}.Debug|Any CPU.Build.0 = Debug|Any CPU
		{A128F331-D1EB-448A-A0CF-AC92536CDD66}.Release|Any CPU.ActiveCfg = Release|Any CPU
		{A128F331-D1EB-448A-A0CF-AC92536CDD66}.Release|Any CPU.Build.0 = Release|Any CPU
		{76F57149-FB11-4E3B-AC32-142811C6C340}.Debug|Any CPU.ActiveCfg = Debug|Any CPU
		{76F57149-FB11-4E3B-AC32-142811C6C340}.Debug|Any CPU.Build.0 = Debug|Any CPU
		{76F57149-FB11-4E3B-AC32-142811C6C340}.Release|Any CPU.ActiveCfg = Release|Any CPU
		{76F57149-FB11-4E3B-AC32-142811C6C340}.Release|Any CPU.Build.0 = Release|Any CPU
	EndGlobalSection
	GlobalSection(SolutionProperties) = preSolution
		HideSolutionNode = FALSE
	EndGlobalSection
	GlobalSection(NestedProjects) = preSolution
		{D3F02D8D-9684-42E8-8BE3-105AB11E8D8D} = {869F1AAC-A3FB-47E1-BD37-C842069199B5}
		{53D266A9-4497-4F3B-B08C-D6E1E91C86EC} = {38AFD319-A2CA-4058-85E1-C3284B431B61}
		{4FED1404-7C88-4387-850F-D198F36A5C88} = {38AFD319-A2CA-4058-85E1-C3284B431B61}
		{160C45AA-E4F9-424D-85CD-798BC24FCF1D} = {38AFD319-A2CA-4058-85E1-C3284B431B61}
		{1BDDA230-6479-43BA-B252-6744D625FF0C} = {869F1AAC-A3FB-47E1-BD37-C842069199B5}
		{A128F331-D1EB-448A-A0CF-AC92536CDD66} = {53D266A9-4497-4F3B-B08C-D6E1E91C86EC}
		{1AAF455B-2BD3-4132-909A-262EEB1537B3} = {4827B6D1-D404-4DF3-AFE9-3B08A8D0B761}
		{7B3B9A04-A6F5-4E9E-9497-091A4B6ADB74} = {1AAF455B-2BD3-4132-909A-262EEB1537B3}
		{76F57149-FB11-4E3B-AC32-142811C6C340} = {7B3B9A04-A6F5-4E9E-9497-091A4B6ADB74}
		{895B7D77-21EC-48CE-BA13-21761D6C3EAE} = {BC11522C-7EB5-48AC-90CF-706D63C8F6E2}
		{C8BCD86E-C15F-4CC8-B670-7E443BF2AAC7} = {BC11522C-7EB5-48AC-90CF-706D63C8F6E2}
		{F3F48109-F371-466C-A9C6-884651EA5F3A} = {895B7D77-21EC-48CE-BA13-21761D6C3EAE}
	EndGlobalSection
	GlobalSection(ExtensibilityGlobals) = postSolution
		SolutionGuid = {C43FB57A-5BB7-413A-9A73-9A2DF98919BD}
	EndGlobalSection
EndGlobal
